
Microsoft Visual Studio Solution File, Format Version 12.00
# Visual Studio 15
VisualStudioVersion = 15.0.27428.2015
MinimumVisualStudioVersion = 10.0.40219.1
Project("{FAE04EC0-301F-11D3-BF4B-00C04F79EFBC}") = "Test.Web", "Test.Web\Test.Web.csproj", "{D40E926C-7DA2-4B5A-8513-FB581651C3F3}"
EndProject
Project("{FAE04EC0-301F-11D3-BF4B-00C04F79EFBC}") = "Test.EntityFramworkCore", "Test.Entity\Test.EntityFramworkCore.csproj", "{BEFFC585-388C-44F2-BC12-871D23C8692C}"
EndProject
Project("{FAE04EC0-301F-11D3-BF4B-00C04F79EFBC}") = "Test.Core", "Test.Core\Test.Core.csproj", "{C6F1596E-FE5B-4677-B6EB-E41CB0EF1A6C}"
EndProject
Project("{FAE04EC0-301F-11D3-BF4B-00C04F79EFBC}") = "Test.Domain", "Test.Domain\Test.Domain.csproj", "{B22292CA-29A5-41A5-998F-814917C41D50}"
EndProject
Project("{FAE04EC0-301F-11D3-BF4B-00C04F79EFBC}") = "Test.Application", "Test.Application\Test.Application.csproj", "{7240A16E-C0DD-427B-99DC-768D9E8B5A96}"
EndProject
Global
	GlobalSection(SolutionConfigurationPlatforms) = preSolution
		Debug|Any CPU = Debug|Any CPU
		Release|Any CPU = Release|Any CPU
	EndGlobalSection
	GlobalSection(ProjectConfigurationPlatforms) = postSolution
		{D40E926C-7DA2-4B5A-8513-FB581651C3F3}.Debug|Any CPU.ActiveCfg = Debug|Any CPU
		{D40E926C-7DA2-4B5A-8513-FB581651C3F3}.Debug|Any CPU.Build.0 = Debug|Any CPU
		{D40E926C-7DA2-4B5A-8513-FB581651C3F3}.Release|Any CPU.ActiveCfg = Release|Any CPU
		{D40E926C-7DA2-4B5A-8513-FB581651C3F3}.Release|Any CPU.Build.0 = Release|Any CPU
		{BEFFC585-388C-44F2-BC12-871D23C8692C}.Debug|Any CPU.ActiveCfg = Debug|Any CPU
		{BEFFC585-388C-44F2-BC12-871D23C8692C}.Debug|Any CPU.Build.0 = Debug|Any CPU
		{BEFFC585-388C-44F2-BC12-871D23C8692C}.Release|Any CPU.ActiveCfg = Release|Any CPU
		{BEFFC585-388C-44F2-BC12-871D23C8692C}.Release|Any CPU.Build.0 = Release|Any CPU
		{C6F1596E-FE5B-4677-B6EB-E41CB0EF1A6C}.Debug|Any CPU.ActiveCfg = Debug|Any CPU
		{C6F1596E-FE5B-4677-B6EB-E41CB0EF1A6C}.Debug|Any CPU.Build.0 = Debug|Any CPU
		{C6F1596E-FE5B-4677-B6EB-E41CB0EF1A6C}.Release|Any CPU.ActiveCfg = Release|Any CPU
		{C6F1596E-FE5B-4677-B6EB-E41CB0EF1A6C}.Release|Any CPU.Build.0 = Release|Any CPU
		{B22292CA-29A5-41A5-998F-814917C41D50}.Debug|Any CPU.ActiveCfg = Debug|Any CPU
		{B22292CA-29A5-41A5-998F-814917C41D50}.Debug|Any CPU.Build.0 = Debug|Any CPU
		{B22292CA-29A5-41A5-998F-814917C41D50}.Release|Any CPU.ActiveCfg = Release|Any CPU
		{B22292CA-29A5-41A5-998F-814917C41D50}.Release|Any CPU.Build.0 = Release|Any CPU
		{7240A16E-C0DD-427B-99DC-768D9E8B5A96}.Debug|Any CPU.ActiveCfg = Debug|Any CPU
		{7240A16E-C0DD-427B-99DC-768D9E8B5A96}.Debug|Any CPU.Build.0 = Debug|Any CPU
		{7240A16E-C0DD-427B-99DC-768D9E8B5A96}.Release|Any CPU.ActiveCfg = Release|Any CPU
		{7240A16E-C0DD-427B-99DC-768D9E8B5A96}.Release|Any CPU.Build.0 = Release|Any CPU
	EndGlobalSection
	GlobalSection(SolutionProperties) = preSolution
		HideSolutionNode = FALSE
	EndGlobalSection
	GlobalSection(ExtensibilityGlobals) = postSolution
		SolutionGuid = {5C9A384A-2D43-48D8-BC37-1B2F15EA4F4C}
	EndGlobalSection
EndGlobal
